PODS:
  - AFNetworking (3.2.0):
    - AFNetworking/NSURLSession (= 3.2.0)
    - AFNetworking/Reachability (= 3.2.0)
    - AFNetworking/Security (= 3.2.0)
    - AFNetworking/Serialization (= 3.2.0)
    - AFNetworking/UIKit (= 3.2.0)
  - AFNetworking/NSURLSession (3.2.0):
    - AFNetworking/Reachability
    - AFNetworking/Security
    - AFNetworking/Serialization
  - AFNetworking/Reachability (3.2.0)
  - AFNetworking/Security (3.2.0)
  - AFNetworking/Serialization (3.2.0)
  - AFNetworking/UIKit (3.2.0):
    - AFNetworking/NSURLSession
  - Alamofire (4.7.1)
  - AlamofireImage (3.3.1):
    - Alamofire (~> 4.5)
  - Charts (3.1.1):
    - Charts/Core (= 3.1.1)
  - Charts/Core (3.1.1)
  - Cosmos (8.0.2)
  - DKImagePickerController (3.8.1):
    - DKImagePickerController/Camera (= 3.8.1)
    - DKImagePickerController/ImageManager (= 3.8.1)
  - DKImagePickerController/Camera (3.8.1)
  - DKImagePickerController/ImageManager (3.8.1)
  - GoogleMaps (2.6.0):
    - GoogleMaps/Maps (= 2.6.0)
  - GoogleMaps/Base (2.6.0)
  - GoogleMaps/Maps (2.6.0):
    - GoogleMaps/Base
  - GooglePlaces (2.6.0):
    - GoogleMaps/Base (= 2.6.0)
  - ImageSlideshow (1.5.1):
    - ImageSlideshow/Core (= 1.5.1)
  - ImageSlideshow/AFURL (1.5.1):
    - AFNetworking (~> 3.0)
    - ImageSlideshow/Core
  - ImageSlideshow/Alamofire (1.5.1):
    - AlamofireImage (~> 3.0)
    - ImageSlideshow/Core
  - ImageSlideshow/Core (1.5.1)
  - ImageSlideshow/Kingfisher (1.5.1):
    - ImageSlideshow/Core
    - Kingfisher (> 3.0)
  - ImageSlideshow/SDWebImage (1.5.1):
    - ImageSlideshow/Core
    - SDWebImage (< 5.0, >= 3.7)
  - Kingfisher (4.6.4)
  - NVActivityIndicatorView (4.1.1):
    - NVActivityIndicatorView/Presenter (= 4.1.1)
  - NVActivityIndicatorView/Presenter (4.1.1)
  - SDWebImage (4.3.3):
    - SDWebImage/Core (= 4.3.3)
  - SDWebImage/Core (4.3.3)
  - SVProgressHUD (2.2.5)
  - youtube-ios-player-helper (0.1.6)

DEPENDENCIES:
  - Charts
  - Cosmos (~> 8.0)
  - DKImagePickerController
  - GoogleMaps
  - GooglePlaces
  - ImageSlideshow
  - ImageSlideshow/AFURL
  - ImageSlideshow/Alamofire
  - ImageSlideshow/Kingfisher
  - ImageSlideshow/SDWebImage
  - NVActivityIndicatorView
  - SDWebImage
  - SVProgressHUD
  - youtube-ios-player-helper

SPEC CHECKSUMS:
  AFNetworking: 8ac6017b94ea105479f7776e5288e48ae9c59bb4
  Alamofire: 68d7d521118d49c615a8d2214d87cdf525599d30
  AlamofireImage: 3b35b586853abaf94ca1250f4e94cff3c21a4c0d
  Charts: 90a4d61da0f6e06684c591e3bcab11940fe61736
  Cosmos: 007c0b8e33a85e5363911bdd933571bbe221f7ef
  DKImagePickerController: 51ad6ee2ba05414bb741db54a72cd7f4fb178e34
  GoogleMaps: 42f91c68b7fa2f84d5c86597b18ceb99f5414c7f
  GooglePlaces: f6ddf33b75cef69e888907d9947c57198ed845f3
  ImageSlideshow: ae3de479b8c70dc751142d21573f5a28dbb97d4d
  Kingfisher: 68498a706e46c2a050b0c9572f100e5db407f6e0
  NVActivityIndicatorView: 60109b9bf46efc2e71ab81453196ccdfdfeea870
  SDWebImage: de4d90b5bff3571eae7bd16202b1f43135409fa5
  SVProgressHUD: 1428aafac632c1f86f62aa4243ec12008d7a51d6
  youtube-ios-player-helper: 21ab92db027c7ff86cb17a3843a3f6eafc8158d2

PODFILE CHECKSUM: ef3e83643f579af61540445f12aab18bbf73d893

COCOAPODS: 1.3.1
